
Microsoft Visual Studio Solution File, Format Version 12.00
# Visual Studio Version 17
VisualStudioVersion = 17.14.37411.7
MinimumVisualStudioVersion = 10.0.40219.1
Project("{FAE04EC0-301F-11D3-BF4B-00C04F79EFBC}") = "PedidosJsonToXml.Api", "PedidosJsonToXml.Api\PedidosJsonToXml.Api.csproj", "{5B9D4C3F-E143-4C89-ADFC-F82F701E3A91}"
EndProject
Project("{FAE04EC0-301F-11D3-BF4B-00C04F79EFBC}") = "PedidosJsonToXml.Test", "PedidosJsonToXml.Test\PedidosJsonToXml.Test.csproj", "{75477FDE-5653-48CC-AAC4-DA2775ED7CA5}"
EndProject
Global
	GlobalSection(SolutionConfigurationPlatforms) = preSolution
		Debug|Any CPU = Debug|Any CPU
		Release|Any CPU = Release|Any CPU
	EndGlobalSection
	GlobalSection(ProjectConfigurationPlatforms) = postSolution
		{5B9D4C3F-E143-4C89-ADFC-F82F701E3A91}.Debug|Any CPU.ActiveCfg = Debug|Any CPU
		{5B9D4C3F-E143-4C89-ADFC-F82F701E3A91}.Debug|Any CPU.Build.0 = Debug|Any CPU
		{5B9D4C3F-E143-4C89-ADFC-F82F701E3A91}.Release|Any CPU.ActiveCfg = Release|Any CPU
		{5B9D4C3F-E143-4C89-ADFC-F82F701E3A91}.Release|Any CPU.Build.0 = Release|Any CPU
		{75477FDE-5653-48CC-AAC4-DA2775ED7CA5}.Debug|Any CPU.ActiveCfg = Debug|Any CPU
		{75477FDE-5653-48CC-AAC4-DA2775ED7CA5}.Debug|Any CPU.Build.0 = Debug|Any CPU
		{75477FDE-5653-48CC-AAC4-DA2775ED7CA5}.Release|Any CPU.ActiveCfg = Release|Any CPU
		{75477FDE-5653-48CC-AAC4-DA2775ED7CA5}.Release|Any CPU.Build.0 = Release|Any CPU
	EndGlobalSection
	GlobalSection(SolutionProperties) = preSolution
		HideSolutionNode = FALSE
	EndGlobalSection
	GlobalSection(ExtensibilityGlobals) = postSolution
		SolutionGuid = {AB01CADA-2FAD-4F08-954B-872FE26D4382}
	EndGlobalSection
EndGlobal
